
Microsoft Visual Studio Solution File, Format Version 12.00
# Visual Studio Version 17
VisualStudioVersion = 17.11.35222.181
MinimumVisualStudioVersion = 10.0.40219.1
Project("{FAE04EC0-301F-11D3-BF4B-00C04F79EFBC}") = "CMCSProjectPART1", "CMCSProjectPART1\CMCSProjectPART1.csproj", "{32F996CA-08A2-417C-ABD2-872D8AFA12EC}"
EndProject
Global
	GlobalSection(SolutionConfigurationPlatforms) = preSolution
		Debug|Any CPU = Debug|Any CPU
		Release|Any CPU = Release|Any CPU
	EndGlobalSection
	GlobalSection(ProjectConfigurationPlatforms) = postSolution
		{32F996CA-08A2-417C-ABD2-872D8AFA12EC}.Debug|Any CPU.ActiveCfg = Debug|Any CPU
		{32F996CA-08A2-417C-ABD2-872D8AFA12EC}.Debug|Any CPU.Build.0 = Debug|Any CPU
		{32F996CA-08A2-417C-ABD2-872D8AFA12EC}.Release|Any CPU.ActiveCfg = Release|Any CPU
		{32F996CA-08A2-417C-ABD2-872D8AFA12EC}.Release|Any CPU.Build.0 = Release|Any CPU
	EndGlobalSection
	GlobalSection(SolutionProperties) = preSolution
		HideSolutionNode = FALSE
	EndGlobalSection
	GlobalSection(ExtensibilityGlobals) = postSolution
		SolutionGuid = {A30DBF2E-F131-489F-975C-A1D6D77B69AF}
	EndGlobalSection
EndGlobal
